# THIS IS AN AUTOGENERATED FILE. DO NOT EDIT THIS FILE DIRECTLY.
# yarn lockfile v1


ansi-styles@^3.2.1:
  version "3.2.1"
  resolved "https://registry.yarnpkg.com/ansi-styles/-/ansi-styles-3.2.1.tgz#41fbb20243e50b12be0f04b8dedbf07520ce841d"
  dependencies:
    color-convert "^1.9.0"

append-buffer@^1.0.2:
  version "1.0.2"
  resolved "https://registry.yarnpkg.com/append-buffer/-/append-buffer-1.0.2.tgz#d8220cf466081525efea50614f3de6514dfa58f1"
  dependencies:
    buffer-equal "^1.0.0"

balanced-match@^1.0.0:
  version "1.0.0"
  resolved "https://registry.yarnpkg.com/balanced-match/-/balanced-match-1.0.0.tgz#89b4d199ab2bee49de164ea02b89ce462d71b767"

brace-expansion@^1.1.7:
  version "1.1.11"
  resolved "https://registry.yarnpkg.com/brace-expansion/-/brace-expansion-1.1.11.tgz#3c7fcbf529d87226f3d2f52b966ff5271eb441dd"
  dependencies:
    balanced-match "^1.0.0"
    concat-map "0.0.1"

buffer-equal@^1.0.0:
  version "1.0.0"
  resolved "https://registry.yarnpkg.com/buffer-equal/-/buffer-equal-1.0.0.tgz#59616b498304d556abd466966b22eeda3eca5fbe"

chalk@^2.4.2:
  version "2.4.2"
  resolved "https://registry.yarnpkg.com/chalk/-/chalk-2.4.2.tgz#cd42541677a54333cf541a49108c1432b44c9424"
  dependencies:
    ansi-styles "^3.2.1"
    escape-string-regexp "^1.0.5"
    supports-color "^5.3.0"

clone-buffer@^1.0.0:
  version "1.0.0"
  resolved "https://registry.yarnpkg.com/clone-buffer/-/clone-buffer-1.0.0.tgz#e3e25b207ac4e701af721e2cb5a16792cac3dc58"

clone-stats@^1.0.0:
  version "1.0.0"
  resolved "https://registry.yarnpkg.com/clone-stats/-/clone-stats-1.0.0.tgz#b3782dff8bb5474e18b9b6bf0fdfe782f8777680"

clone@^2.1.1:
  version "2.1.2"
  resolved "https://registry.yarnpkg.com/clone/-/clone-2.1.2.tgz#1b7f4b9f591f1e8f83670401600345a02887435f"

cloneable-readable@^1.0.0:
  version "1.1.3"
  resolved "https://registry.yarnpkg.com/cloneable-readable/-/cloneable-readable-1.1.3.tgz#120a00cb053bfb63a222e709f9683ea2e11d8cec"
  dependencies:
    inherits "^2.0.1"
    process-nextick-args "^2.0.0"
    readable-stream "^2.3.5"

color-convert@^1.9.0:
  version "1.9.3"
  resolved "https://registry.yarnpkg.com/color-convert/-/color-convert-1.9.3.tgz#bb71850690e1f136567de629d2d5471deda4c1e8"
  dependencies:
    color-name "1.1.3"

color-name@1.1.3:
  version "1.1.3"
  resolved "https://registry.yarnpkg.com/color-name/-/color-name-1.1.3.tgz#a7d0558bd89c42f795dd42328f740831ca53bc25"

commander@^2.20.0:
  version "2.20.0"
  resolved "https://registry.yarnpkg.com/commander/-/commander-2.20.0.tgz#d58bb2b5c1ee8f87b0d340027e9e94e222c5a422"

concat-map@0.0.1:
  version "0.0.1"
  resolved "https://registry.yarnpkg.com/concat-map/-/concat-map-0.0.1.tgz#d8a96bd77fd68df7793a73036a3ba0d5405d477b"

convert-source-map@^1.5.0:
  version "1.6.0"
  resolved "https://registry.yarnpkg.com/convert-source-map/-/convert-source-map-1.6.0.tgz#51b537a8c43e0f04dec1993bffcdd504e758ac20"
  dependencies:
    safe-buffer "~5.1.1"

core-util-is@~1.0.0:
  version "1.0.2"
  resolved "https://registry.yarnpkg.com/core-util-is/-/core-util-is-1.0.2.tgz#b5fd54220aa2bc5ab57aab7140c940754503c1a7"

define-properties@^1.1.2:
  version "1.1.3"
  resolved "https://registry.yarnpkg.com/define-properties/-/define-properties-1.1.3.tgz#cf88da6cbee26fe6db7094f61d870cbd84cee9f1"
  dependencies:
    object-keys "^1.0.12"

duplexify@^3.6.0:
  version "3.7.1"
  resolved "https://registry.yarnpkg.com/duplexify/-/duplexify-3.7.1.tgz#2a4df5317f6ccfd91f86d6fd25d8d8a103b88309"
  dependencies:
    end-of-stream "^1.0.0"
    inherits "^2.0.1"
    readable-stream "^2.0.0"
    stream-shift "^1.0.0"

end-of-stream@^1.0.0, end-of-stream@^1.1.0:
  version "1.4.1"
  resolved "https://registry.yarnpkg.com/end-of-stream/-/end-of-stream-1.4.1.tgz#ed29634d19baba463b6ce6b80a37213eab71ec43"
  dependencies:
    once "^1.4.0"

escape-string-regexp@^1.0.5:
  version "1.0.5"
  resolved "https://registry.yarnpkg.com/escape-string-regexp/-/escape-string-regexp-1.0.5.tgz#1b61c0562190a8dff6ae3bb2cf0200ca130b86d4"

extend@^3.0.0:
  version "3.0.2"
  resolved "https://registry.yarnpkg.com/extend/-/extend-3.0.2.tgz#f8b1136b4071fbd8eb140aff858b1019ec2915fa"

flush-write-stream@^1.0.2:
  version "1.1.1"
  resolved "https://registry.yarnpkg.com/flush-write-stream/-/flush-write-stream-1.1.1.tgz#8dd7d873a1babc207d94ead0c2e0e44276ebf2e8"
  dependencies:
    inherits "^2.0.3"
    readable-stream "^2.3.6"

fs-mkdirp-stream@^1.0.0:
  version "1.0.0"
  resolved "https://registry.yarnpkg.com/fs-mkdirp-stream/-/fs-mkdirp-stream-1.0.0.tgz#0b7815fc3201c6a69e14db98ce098c16935259eb"
  dependencies:
    graceful-fs "^4.1.11"
    through2 "^2.0.3"

fs.realpath@^1.0.0:
  version "1.0.0"
  resolved "https://registry.yarnpkg.com/fs.realpath/-/fs.realpath-1.0.0.tgz#1504ad2523158caa40db4a2787cb01411994ea4f"

function-bind@^1.1.1:
  version "1.1.1"
  resolved "https://registry.yarnpkg.com/function-bind/-/function-bind-1.1.1.tgz#a56899d3ea3c9bab874bb9773b7c5ede92f4895d"

glob-parent@^3.1.0:
  version "3.1.0"
  resolved "https://registry.yarnpkg.com/glob-parent/-/glob-parent-3.1.0.tgz#9e6af6299d8d3bd2bd40430832bd113df906c5ae"
  dependencies:
    is-glob "^3.1.0"
    path-dirname "^1.0.0"

glob-stream@^6.1.0:
  version "6.1.0"
  resolved "https://registry.yarnpkg.com/glob-stream/-/glob-stream-6.1.0.tgz#7045c99413b3eb94888d83ab46d0b404cc7bdde4"
  dependencies:
    extend "^3.0.0"
    glob "^7.1.1"
    glob-parent "^3.1.0"
    is-negated-glob "^1.0.0"
    ordered-read-streams "^1.0.0"
    pumpify "^1.3.5"
    readable-stream "^2.1.5"
    remove-trailing-separator "^1.0.1"
    to-absolute-glob "^2.0.0"
    unique-stream "^2.0.2"

glob@^7.1.1:
  version "7.1.4"
  resolved "https://registry.yarnpkg.com/glob/-/glob-7.1.4.tgz#aa608a2f6c577ad357e1ae5a5c26d9a8d1969255"
  dependencies:
    fs.realpath "^1.0.0"
    inflight "^1.0.4"
    inherits "2"
    minimatch "^3.0.4"
    once "^1.3.0"
    path-is-absolute "^1.0.0"

graceful-fs@^4.0.0, graceful-fs@^4.1.11, graceful-fs@^4.1.6:
  version "4.2.0"
  resolved "https://registry.yarnpkg.com/graceful-fs/-/graceful-fs-4.2.0.tgz#8d8fdc73977cb04104721cb53666c1ca64cd328b"

has-flag@^3.0.0:
  version "3.0.0"
  resolved "https://registry.yarnpkg.com/has-flag/-/has-flag-3.0.0.tgz#b5d454dc2199ae225699f3467e5a07f3b955bafd"

has-symbols@^1.0.0:
  version "1.0.0"
  resolved "https://registry.yarnpkg.com/has-symbols/-/has-symbols-1.0.0.tgz#ba1a8f1af2a0fc39650f5c850367704122063b44"

inflight@^1.0.4:
  version "1.0.6"
  resolved "https://registry.yarnpkg.com/inflight/-/inflight-1.0.6.tgz#49bd6331d7d02d0c09bc910a1075ba8165b56df9"
  dependencies:
    once "^1.3.0"
    wrappy "1"

inherits@2, inherits@^2.0.1, inherits@^2.0.3, inherits@~2.0.3:
  version "2.0.4"
  resolved "https://registry.yarnpkg.com/inherits/-/inherits-2.0.4.tgz#0fa2c64f932917c3433a0ded55363aae37416b7c"

is-absolute@^1.0.0:
  version "1.0.0"
  resolved "https://registry.yarnpkg.com/is-absolute/-/is-absolute-1.0.0.tgz#395e1ae84b11f26ad1795e73c17378e48a301576"
  dependencies:
    is-relative "^1.0.0"
    is-windows "^1.0.1"

is-buffer@^1.1.5:
  version "1.1.6"
  resolved "https://registry.yarnpkg.com/is-buffer/-/is-buffer-1.1.6.tgz#efaa2ea9daa0d7ab2ea13a97b2b8ad51fefbe8be"

is-extglob@^2.1.0:
  version "2.1.1"
  resolved "https://registry.yarnpkg.com/is-extglob/-/is-extglob-2.1.1.tgz#a88c02535791f02ed37c76a1b9ea9773c833f8c2"

is-glob@^3.1.0:
  version "3.1.0"
  resolved "https://registry.yarnpkg.com/is-glob/-/is-glob-3.1.0.tgz#7ba5ae24217804ac70707b96922567486cc3e84a"
  dependencies:
    is-extglob "^2.1.0"

is-negated-glob@^1.0.0:
  version "1.0.0"
  resolved "https://registry.yarnpkg.com/is-negated-glob/-/is-negated-glob-1.0.0.tgz#6910bca5da8c95e784b5751b976cf5a10fee36d2"

is-relative@^1.0.0:
  version "1.0.0"
  resolved "https://registry.yarnpkg.com/is-relative/-/is-relative-1.0.0.tgz#a1bb6935ce8c5dba1e8b9754b9b2dcc020e2260d"
  dependencies:
    is-unc-path "^1.0.0"

is-unc-path@^1.0.0:
  version "1.0.0"
  resolved "https://registry.yarnpkg.com/is-unc-path/-/is-unc-path-1.0.0.tgz#d731e8898ed090a12c352ad2eaed5095ad322c9d"
  dependencies:
    unc-path-regex "^0.1.2"

is-utf8@^0.2.1:
  version "0.2.1"
  resolved "https://registry.yarnpkg.com/is-utf8/-/is-utf8-0.2.1.tgz#4b0da1442104d1b336340e80797e865cf39f7d72"

is-valid-glob@^1.0.0:
  version "1.0.0"
  resolved "https://registry.yarnpkg.com/is-valid-glob/-/is-valid-glob-1.0.0.tgz#29bf3eff701be2d4d315dbacc39bc39fe8f601aa"

is-windows@^1.0.1:
  version "1.0.2"
  resolved "https://registry.yarnpkg.com/is-windows/-/is-windows-1.0.2.tgz#d1850eb9791ecd18e6182ce12a30f396634bb19d"

isarray@~1.0.0:
  version "1.0.0"
  resolved "https://registry.yarnpkg.com/isarray/-/isarray-1.0.0.tgz#bb935d48582cba168c06834957a54a3e07124f11"

json-stable-stringify-without-jsonify@^1.0.1:
  version "1.0.1"
  resolved "https://registry.yarnpkg.com/json-stable-stringify-without-jsonify/-/json-stable-stringify-without-jsonify-1.0.1.tgz#9db7b59496ad3f3cfef30a75142d2d930ad72651"

lazystream@^1.0.0:
  version "1.0.0"
  resolved "https://registry.yarnpkg.com/lazystream/-/lazystream-1.0.0.tgz#f6995fe0f820392f61396be89462407bb77168e4"
  dependencies:
    readable-stream "^2.0.5"

lead@^1.0.0:
  version "1.0.0"
  resolved "https://registry.yarnpkg.com/lead/-/lead-1.0.0.tgz#6f14f99a37be3a9dd784f5495690e5903466ee42"
  dependencies:
    flush-write-stream "^1.0.2"

minimatch@^3.0.4:
  version "3.0.4"
  resolved "https://registry.yarnpkg.com/minimatch/-/minimatch-3.0.4.tgz#5166e286457f03306064be5497e8dbb0c3d32083"
  dependencies:
    brace-expansion "^1.1.7"

normalize-path@^2.1.1:
  version "2.1.1"
  resolved "https://registry.yarnpkg.com/normalize-path/-/normalize-path-2.1.1.tgz#1ab28b556e198363a8c1a6f7e6fa20137fe6aed9"
  dependencies:
    remove-trailing-separator "^1.0.1"

now-and-later@^2.0.0:
  version "2.0.1"
  resolved "https://registry.yarnpkg.com/now-and-later/-/now-and-later-2.0.1.tgz#8e579c8685764a7cc02cb680380e94f43ccb1f7c"
  dependencies:
    once "^1.3.2"

object-keys@^1.0.11, object-keys@^1.0.12:
  version "1.1.1"
  resolved "https://registry.yarnpkg.com/object-keys/-/object-keys-1.1.1.tgz#1c47f272df277f3b1daf061677d9c82e2322c60e"

object.assign@^4.0.4:
  version "4.1.0"
  resolved "https://registry.yarnpkg.com/object.assign/-/object.assign-4.1.0.tgz#968bf1100d7956bb3ca086f006f846b3bc4008da"
  dependencies:
    define-properties "^1.1.2"
    function-bind "^1.1.1"
    has-symbols "^1.0.0"
    object-keys "^1.0.11"

once@^1.3.0, once@^1.3.1, once@^1.3.2, once@^1.4.0:
  version "1.4.0"
  resolved "https://registry.yarnpkg.com/once/-/once-1.4.0.tgz#583b1aa775961d4b113ac17d9c50baef9dd76bd1"
  dependencies:
    wrappy "1"

ordered-read-streams@^1.0.0:
  version "1.0.1"
  resolved "https://registry.yarnpkg.com/ordered-read-streams/-/ordered-read-streams-1.0.1.tgz#77c0cb37c41525d64166d990ffad7ec6a0e1363e"
  dependencies:
    readable-stream "^2.0.1"

path-dirname@^1.0.0:
  version "1.0.2"
  resolved "https://registry.yarnpkg.com/path-dirname/-/path-dirname-1.0.2.tgz#cc33d24d525e099a5388c0336c6e32b9160609e0"

path-is-absolute@^1.0.0:
  version "1.0.1"
  resolved "https://registry.yarnpkg.com/path-is-absolute/-/path-is-absolute-1.0.1.tgz#174b9268735534ffbc7ace6bf53a5a9e1b5c5f5f"

process-nextick-args@^2.0.0, process-nextick-args@~2.0.0:
  version "2.0.1"
  resolved "https://registry.yarnpkg.com/process-nextick-args/-/process-nextick-args-2.0.1.tgz#7820d9b16120cc55ca9ae7792680ae7dba6d7fe2"

pump@^2.0.0:
  version "2.0.1"
  resolved "https://registry.yarnpkg.com/pump/-/pump-2.0.1.tgz#12399add6e4cf7526d973cbc8b5ce2e2908b3909"
  dependencies:
    end-of-stream "^1.1.0"
    once "^1.3.1"

pumpify@^1.3.5:
  version "1.5.1"
  resolved "https://registry.yarnpkg.com/pumpify/-/pumpify-1.5.1.tgz#36513be246ab27570b1a374a5ce278bfd74370ce"
  dependencies:
    duplexify "^3.6.0"
    inherits "^2.0.3"
    pump "^2.0.0"

"readable-stream@2 || 3":
  version "3.4.0"
  resolved "https://registry.yarnpkg.com/readable-stream/-/readable-stream-3.4.0.tgz#a51c26754658e0a3c21dbf59163bd45ba6f447fc"
  dependencies:
    inherits "^2.0.3"
    string_decoder "^1.1.1"
    util-deprecate "^1.0.1"

readable-stream@^2.0.0, readable-stream@^2.0.1, readable-stream@^2.0.5, readable-stream@^2.1.5, readable-stream@^2.3.3, readable-stream@^2.3.5, readable-stream@^2.3.6, readable-stream@~2.3.6:
  version "2.3.6"
  resolved "https://registry.yarnpkg.com/readable-stream/-/readable-stream-2.3.6.tgz#b11c27d88b8ff1fbe070643cf94b0c79ae1b0aaf"
  dependencies:
    core-util-is "~1.0.0"
    inherits "~2.0.3"
    isarray "~1.0.0"
    process-nextick-args "~2.0.0"
    safe-buffer "~5.1.1"
    string_decoder "~1.1.1"
    util-deprecate "~1.0.1"

remove-bom-buffer@^3.0.0:
  version "3.0.0"
  resolved "https://registry.yarnpkg.com/remove-bom-buffer/-/remove-bom-buffer-3.0.0.tgz#c2bf1e377520d324f623892e33c10cac2c252b53"
  dependencies:
    is-buffer "^1.1.5"
    is-utf8 "^0.2.1"

remove-bom-stream@^1.2.0:
  version "1.2.0"
  resolved "https://registry.yarnpkg.com/remove-bom-stream/-/remove-bom-stream-1.2.0.tgz#05f1a593f16e42e1fb90ebf59de8e569525f9523"
  dependencies:
    remove-bom-buffer "^3.0.0"
    safe-buffer "^5.1.0"
    through2 "^2.0.3"

remove-trailing-separator@^1.0.1:
  version "1.1.0"
  resolved "https://registry.yarnpkg.com/remove-trailing-separator/-/remove-trailing-separator-1.1.0.tgz#c24bce2a283adad5bc3f58e0d48249b92379d8ef"

replace-ext@^1.0.0:
  version "1.0.0"
  resolved "https://registry.yarnpkg.com/replace-ext/-/replace-ext-1.0.0.tgz#de63128373fcbf7c3ccfa4de5a480c45a67958eb"

resolve-options@^1.1.0:
  version "1.1.0"
  resolved "https://registry.yarnpkg.com/resolve-options/-/resolve-options-1.1.0.tgz#32bb9e39c06d67338dc9378c0d6d6074566ad131"
  dependencies:
    value-or-function "^3.0.0"

safe-buffer@^5.1.0:
  version "5.2.0"
  resolved "https://registry.yarnpkg.com/safe-buffer/-/safe-buffer-5.2.0.tgz#b74daec49b1148f88c64b68d49b1e815c1f2f519"

safe-buffer@~5.1.0, safe-buffer@~5.1.1:
  version "5.1.2"
  resolved "https://registry.yarnpkg.com/safe-buffer/-/safe-buffer-5.1.2.tgz#991ec69d296e0313747d59bdfd2b745c35f8828d"

stream-shift@^1.0.0:
  version "1.0.0"
  resolved "https://registry.yarnpkg.com/stream-shift/-/stream-shift-1.0.0.tgz#d5c752825e5367e786f78e18e445ea223a155952"

string_decoder@^1.1.1:
  version "1.2.0"
  resolved "https://registry.yarnpkg.com/string_decoder/-/string_decoder-1.2.0.tgz#fe86e738b19544afe70469243b2a1ee9240eae8d"
  dependencies:
    safe-buffer "~5.1.0"

string_decoder@~1.1.1:
  version "1.1.1"
  resolved "https://registry.yarnpkg.com/string_decoder/-/string_decoder-1.1.1.tgz#9cf1611ba62685d7030ae9e4ba34149c3af03fc8"
  dependencies:
    safe-buffer "~5.1.0"

supports-color@^5.3.0:
  version "5.5.0"
  resolved "https://registry.yarnpkg.com/supports-color/-/supports-color-5.5.0.tgz#e2e69a44ac8772f78a1ec0b35b689df6530efc8f"
  dependencies:
    has-flag "^3.0.0"

through2-filter@^3.0.0:
  version "3.0.0"
  resolved "https://registry.yarnpkg.com/through2-filter/-/through2-filter-3.0.0.tgz#700e786df2367c2c88cd8aa5be4cf9c1e7831254"
  dependencies:
    through2 "~2.0.0"
    xtend "~4.0.0"

through2@^2.0.0, through2@^2.0.3, through2@~2.0.0:
  version "2.0.5"
  resolved "https://registry.yarnpkg.com/through2/-/through2-2.0.5.tgz#01c1e39eb31d07cb7d03a96a70823260b23132cd"
  dependencies:
    readable-stream "~2.3.6"
    xtend "~4.0.1"

through2@^3.0.1:
  version "3.0.1"
  resolved "https://registry.yarnpkg.com/through2/-/through2-3.0.1.tgz#39276e713c3302edf9e388dd9c812dd3b825bd5a"
  dependencies:
    readable-stream "2 || 3"

to-absolute-glob@^2.0.0:
  version "2.0.2"
  resolved "https://registry.yarnpkg.com/to-absolute-glob/-/to-absolute-glob-2.0.2.tgz#1865f43d9e74b0822db9f145b78cff7d0f7c849b"
  dependencies:
    is-absolute "^1.0.0"
    is-negated-glob "^1.0.0"

to-through@^2.0.0:
  version "2.0.0"
  resolved "https://registry.yarnpkg.com/to-through/-/to-through-2.0.0.tgz#fc92adaba072647bc0b67d6b03664aa195093af6"
  dependencies:
    through2 "^2.0.3"

unc-path-regex@^0.1.2:
  version "0.1.2"
  resolved "https://registry.yarnpkg.com/unc-path-regex/-/unc-path-regex-0.1.2.tgz#e73dd3d7b0d7c5ed86fbac6b0ae7d8c6a69d50fa"

unique-stream@^2.0.2:
  version "2.3.1"
  resolved "https://registry.yarnpkg.com/unique-stream/-/unique-stream-2.3.1.tgz#c65d110e9a4adf9a6c5948b28053d9a8d04cbeac"
  dependencies:
    json-stable-stringify-without-jsonify "^1.0.1"
    through2-filter "^3.0.0"

util-deprecate@^1.0.1, util-deprecate@~1.0.1:
  version "1.0.2"
  resolved "https://registry.yarnpkg.com/util-deprecate/-/util-deprecate-1.0.2.tgz#450d4dc9fa70de732762fbd2d4a28981419a0ccf"

value-or-function@^3.0.0:
  version "3.0.0"
  resolved "https://registry.yarnpkg.com/value-or-function/-/value-or-function-3.0.0.tgz#1c243a50b595c1be54a754bfece8563b9ff8d813"

vinyl-fs@^3.0.3:
  version "3.0.3"
  resolved "https://registry.yarnpkg.com/vinyl-fs/-/vinyl-fs-3.0.3.tgz#c85849405f67428feabbbd5c5dbdd64f47d31bc7"
  dependencies:
    fs-mkdirp-stream "^1.0.0"
    glob-stream "^6.1.0"
    graceful-fs "^4.0.0"
    is-valid-glob "^1.0.0"
    lazystream "^1.0.0"
    lead "^1.0.0"
    object.assign "^4.0.4"
    pumpify "^1.3.5"
    readable-stream "^2.3.3"
    remove-bom-buffer "^3.0.0"
    remove-bom-stream "^1.2.0"
    resolve-options "^1.1.0"
    through2 "^2.0.0"
    to-through "^2.0.0"
    value-or-function "^3.0.0"
    vinyl "^2.0.0"
    vinyl-sourcemap "^1.1.0"

vinyl-sourcemap@^1.1.0:
  version "1.1.0"
  resolved "https://registry.yarnpkg.com/vinyl-sourcemap/-/vinyl-sourcemap-1.1.0.tgz#92a800593a38703a8cdb11d8b300ad4be63b3e16"
  dependencies:
    append-buffer "^1.0.2"
    convert-source-map "^1.5.0"
    graceful-fs "^4.1.6"
    normalize-path "^2.1.1"
    now-and-later "^2.0.0"
    remove-bom-buffer "^3.0.0"
    vinyl "^2.0.0"

vinyl@^2.0.0:
  version "2.2.0"
  resolved "https://registry.yarnpkg.com/vinyl/-/vinyl-2.2.0.tgz#d85b07da96e458d25b2ffe19fece9f2caa13ed86"
  dependencies:
    clone "^2.1.1"
    clone-buffer "^1.0.0"
    clone-stats "^1.0.0"
    cloneable-readable "^1.0.0"
    remove-trailing-separator "^1.0.1"
    replace-ext "^1.0.0"

wrappy@1:
  version "1.0.2"
  resolved "https://registry.yarnpkg.com/wrappy/-/wrappy-1.0.2.tgz#b5243d8f3ec1aa35f1364605bc0d1036e30ab69f"

xtend@~4.0.0, xtend@~4.0.1:
  version "4.0.2"
  resolved "https://registry.yarnpkg.com/xtend/-/xtend-4.0.2.tgz#bb72779f5fa465186b1f438f674fa347fdb5db54"
